// !$*UTF8*$!
{
	archiveVersion = 1;
	classes = {
	};
	objectVersion = 46;
	objects = {

/* Begin PBXBuildFile section */
		9D0AB02A1A68E5AE00A66B46 /* stop1105081.png in Resources */ = {isa = PBXBuildFile; fileRef = 9D0AB0291A68E5AE00A66B46 /* stop1105081.png */; };
		9D0AB02C1A68E6B300A66B46 /* NG.png in Resources */ = {isa = PBXBuildFile; fileRef = 9D0AB02B1A68E6B300A66B46 /* NG.png */; };
		9D0AB02E1A68F2B900A66B46 /* スクリーンショット 2015-01-16 16.17.30.png in Resources */ = {isa = PBXBuildFile; fileRef = 9D0AB02D1A68F2B900A66B46 /* スクリーンショット 2015-01-16 16.17.30.png */; };
		9D32EF7E1A4048AA0010FC71 /* photo.jpg in Resources */ = {isa = PBXBuildFile; fileRef = 9D32EF7D1A4048AA0010FC71 /* photo.jpg */; };
		9D32EF801A404ED60010FC71 /* db9516316a3046505c643e357f16d5c2.jpg in Resources */ = {isa = PBXBuildFile; fileRef = 9D32EF7F1A404ED60010FC71 /* db9516316a3046505c643e357f16d5c2.jpg */; };
		9D32EF821A41708F0010FC71 /* Yellow Paper-320x480 wallpapers.jpg in Resources */ = {isa = PBXBuildFile; fileRef = 9D32EF811A41708F0010FC71 /* Yellow Paper-320x480 wallpapers.jpg */; };
		9D374D0E1B744F5500942933 /* スクリーンショット 0027-08-07 11.27.29.png in Resources */ = {isa = PBXBuildFile; fileRef = 9D374D0D1B744F5500942933 /* スクリーンショット 0027-08-07 11.27.29.png */; };
		9D374D101B744FD000942933 /* スクリーンショット 0027-08-07 11.27.29.png in Resources */ = {isa = PBXBuildFile; fileRef = 9D374D0F1B744FD000942933 /* スクリーンショット 0027-08-07 11.27.29.png */; };
		9D374D121B7450C500942933 /* images (1).jpeg in Resources */ = {isa = PBXBuildFile; fileRef = 9D374D111B7450C500942933 /* images (1).jpeg */; };
		9D374D141B74523A00942933 /* スクリーンショット 0027-08-07 11.39.46.png in Resources */ = {isa = PBXBuildFile; fileRef = 9D374D131B74523A00942933 /* スクリーンショット 0027-08-07 11.39.46.png */; };
		9D374D161B7453A500942933 /* A-Movie-maker-buttons-rt.png in Resources */ = {isa = PBXBuildFile; fileRef = 9D374D151B7453A500942933 /* A-Movie-maker-buttons-rt.png */; };
		9D374D1B1B75A99700942933 /* 2010010704 のコピー 2.png in Resources */ = {isa = PBXBuildFile; fileRef = 9D374D171B75A99700942933 /* 2010010704 のコピー 2.png */; };
		9D374D1C1B75A99700942933 /* 2010010704 のコピー 3.png in Resources */ = {isa = PBXBuildFile; fileRef = 9D374D181B75A99700942933 /* 2010010704 のコピー 3.png */; };
		9D374D1D1B75A99700942933 /* 2010010704 のコピー 4.png in Resources */ = {isa = PBXBuildFile; fileRef = 9D374D191B75A99700942933 /* 2010010704 のコピー 4.png */; };
		9D374D1E1B75A99700942933 /* 2010010704 のコピー 5.png in Resources */ = {isa = PBXBuildFile; fileRef = 9D374D1A1B75A99700942933 /* 2010010704 のコピー 5.png */; };
		9D374D231B75AA7C00942933 /* 2010010704 のコピー 2.png in Resources */ = {isa = PBXBuildFile; fileRef = 9D374D1F1B75AA7C00942933 /* 2010010704 のコピー 2.png */; };
		9D374D241B75AA7C00942933 /* 2010010704 のコピー 3.png in Resources */ = {isa = PBXBuildFile; fileRef = 9D374D201B75AA7C00942933 /* 2010010704 のコピー 3.png */; };
		9D374D251B75AA7C00942933 /* 2010010704 のコピー 4.png in Resources */ = {isa = PBXBuildFile; fileRef = 9D374D211B75AA7C00942933 /* 2010010704 のコピー 4.png */; };
		9D374D261B75AA7C00942933 /* 2010010704 のコピー 5.png in Resources */ = {isa = PBXBuildFile; fileRef = 9D374D221B75AA7C00942933 /* 2010010704 のコピー 5.png */; };
		9D374D281B75ABAE00942933 /* TDYy6.png in Resources */ = {isa = PBXBuildFile; fileRef = 9D374D271B75ABAE00942933 /* TDYy6.png */; };
		9D374D2A1B75AC6E00942933 /* bigfolder.png in Resources */ = {isa = PBXBuildFile; fileRef = 9D374D291B75AC6E00942933 /* bigfolder.png */; };
		9D374D2C1B75B76700942933 /* save-iconmonstr.png in Resources */ = {isa = PBXBuildFile; fileRef = 9D374D2B1B75B76700942933 /* save-iconmonstr.png */; };
		9D3F46E71A80E97800DCE7E4 /* Main.storyboard in Resources */ = {isa = PBXBuildFile; fileRef = 9D3F46E51A80E97800DCE7E4 /* Main.storyboard */; };
		9DBEB15C1A4041E600074C51 /* a7194db4815a1129981fee55c8742f1b.png in Resources */ = {isa = PBXBuildFile; fileRef = 9DBEB15B1A4041E600074C51 /* a7194db4815a1129981fee55c8742f1b.png */; };
		9DBEB15E1A40436200074C51 /* colorcloth7-2.jpg in Resources */ = {isa = PBXBuildFile; fileRef = 9DBEB15D1A40436200074C51 /* colorcloth7-2.jpg */; };
		9DBEB1621A40447B00074C51 /* 8658695.png in Resources */ = {isa = PBXBuildFile; fileRef = 9DBEB1611A40447B00074C51 /* 8658695.png */; };
		9DC421F21BAD53D600A8E0CA /* 10825.png in Resources */ = {isa = PBXBuildFile; fileRef = 9DC421F11BAD53D600A8E0CA /* 10825.png */; };
		9DDDDD7A1A1B87D000259AA1 /* main.m in Sources */ = {isa = PBXBuildFile; fileRef = 9DDDDD791A1B87D000259AA1 /* main.m */; };
		9DDDDD7D1A1B87D000259AA1 /* AppDelegate.m in Sources */ = {isa = PBXBuildFile; fileRef = 9DDDDD7C1A1B87D000259AA1 /* AppDelegate.m */; };
		9DDDDD801A1B87D000259AA1 /* ViewController.m in Sources */ = {isa = PBXBuildFile; fileRef = 9DDDDD7F1A1B87D000259AA1 /* ViewController.m */; };
		9DDDDD851A1B87D000259AA1 /* Images.xcassets in Resources */ = {isa = PBXBuildFile; fileRef = 9DDDDD841A1B87D000259AA1 /* Images.xcassets */; };
		9DDDDD881A1B87D000259AA1 /* LaunchScreen.xib in Resources */ = {isa = PBXBuildFile; fileRef = 9DDDDD861A1B87D000259AA1 /* LaunchScreen.xib */; };
		9DDDDD941A1B87D000259AA1 /* CROW__1__KYTests.m in Sources */ = {isa = PBXBuildFile; fileRef = 9DDDDD931A1B87D000259AA1 /* CROW__1__KYTests.m */; };
		9DDDDD9F1A1B993500259AA1 /* ViewController2.m in Sources */ = {isa = PBXBuildFile; fileRef = 9DDDDD9E1A1B993500259AA1 /* ViewController2.m */; };
		9DDDDDA51A1C054200259AA1 /* ViewController4.m in Sources */ = {isa = PBXBuildFile; fileRef = 9DDDDDA41A1C054200259AA1 /* ViewController4.m */; };
		9DF46CB51A779B7F00F009C9 /* ViewController5.m in Sources */ = {isa = PBXBuildFile; fileRef = 9DF46CB41A779B7F00F009C9 /* ViewController5.m */; };
/* End PBXBuildFile section */

/* Begin PBXContainerItemProxy section */
		9DDDDD8E1A1B87D000259AA1 /* PBXContainerItemProxy */ = {
			isa = PBXContainerItemProxy;
			containerPortal = 9DDDDD6C1A1B87D000259AA1 /* Project object */;
			proxyType = 1;
			remoteGlobalIDString = 9DDDDD731A1B87D000259AA1;
			remoteInfo = "CROW  1  KY";
		};
/* End PBXContainerItemProxy section */

/* Begin PBXFileReference section */
		9D0AB0291A68E5AE00A66B46 /* stop1105081.png */ = {isa = PBXFileReference; lastKnownFileType = image.png; path = stop1105081.png; sourceTree = "<group>"; };
		9D0AB02B1A68E6B300A66B46 /* NG.png */ = {isa = PBXFileReference; lastKnownFileType = image.png; path = NG.png; sourceTree = "<group>"; };
		9D0AB02D1A68F2B900A66B46 /* スクリーンショット 2015-01-16 16.17.30.png */ = {isa = PBXFileReference; lastKnownFileType = image.png; path = "スクリーンショット 2015-01-16 16.17.30.png"; sourceTree = "<group>"; };
		9D32EF7D1A4048AA0010FC71 /* photo.jpg */ = {isa = PBXFileReference; lastKnownFileType = image.jpeg; path = photo.jpg; sourceTree = "<group>"; };
		9D32EF7F1A404ED60010FC71 /* db9516316a3046505c643e357f16d5c2.jpg */ = {isa = PBXFileReference; lastKnownFileType = image.jpeg; path = db9516316a3046505c643e357f16d5c2.jpg; sourceTree = "<group>"; };
		9D32EF811A41708F0010FC71 /* Yellow Paper-320x480 wallpapers.jpg */ = {isa = PBXFileReference; lastKnownFileType = image.jpeg; path = "Yellow Paper-320x480 wallpapers.jpg"; sourceTree = "<group>"; };
		9D374D0D1B744F5500942933 /* スクリーンショット 0027-08-07 11.27.29.png */ = {isa = PBXFileReference; lastKnownFileType = image.png; name = "スクリーンショット 0027-08-07 11.27.29.png"; path = "../../スクリーンショット 0027-08-07 11.27.29.png"; sourceTree = "<group>"; };
		9D374D0F1B744FD000942933 /* スクリーンショット 0027-08-07 11.27.29.png */ = {isa = PBXFileReference; lastKnownFileType = image.png; name = "スクリーンショット 0027-08-07 11.27.29.png"; path = "../../スクリーンショット 0027-08-07 11.27.29.png"; sourceTree = "<group>"; };
		9D374D111B7450C500942933 /* images (1).jpeg */ = {isa = PBXFileReference; lastKnownFileType = image.jpeg; name = "images (1).jpeg"; path = "../../images (1).jpeg"; sourceTree = "<group>"; };
		9D374D131B74523A00942933 /* スクリーンショット 0027-08-07 11.39.46.png */ = {isa = PBXFileReference; lastKnownFileType = image.png; name = "スクリーンショット 0027-08-07 11.39.46.png"; path = "../../スクリーンショット 0027-08-07 11.39.46.png"; sourceTree = "<group>"; };
		9D374D151B7453A500942933 /* A-Movie-maker-buttons-rt.png */ = {isa = PBXFileReference; lastKnownFileType = image.png; name = "A-Movie-maker-buttons-rt.png"; path = "../../A-Movie-maker-buttons-rt.png"; sourceTree = "<group>"; };
		9D374D171B75A99700942933 /* 2010010704 のコピー 2.png */ = {isa = PBXFileReference; lastKnownFileType = image.png; name = "2010010704 のコピー 2.png"; path = "../../名称未設定フォルダ 4/2010010704 のコピー 2.png"; sourceTree = "<group>"; };
		9D374D181B75A99700942933 /* 2010010704 のコピー 3.png */ = {isa = PBXFileReference; lastKnownFileType = image.png; name = "2010010704 のコピー 3.png"; path = "../../名称未設定フォルダ 4/2010010704 のコピー 3.png"; sourceTree = "<group>"; };
		9D374D191B75A99700942933 /* 2010010704 のコピー 4.png */ = {isa = PBXFileReference; lastKnownFileType = image.png; name = "2010010704 のコピー 4.png"; path = "../../名称未設定フォルダ 4/2010010704 のコピー 4.png"; sourceTree = "<group>"; };
		9D374D1A1B75A99700942933 /* 2010010704 のコピー 5.png */ = {isa = PBXFileReference; lastKnownFileType = image.png; name = "2010010704 のコピー 5.png"; path = "../../名称未設定フォルダ 4/2010010704 のコピー 5.png"; sourceTree = "<group>"; };
		9D374D1F1B75AA7C00942933 /* 2010010704 のコピー 2.png */ = {isa = PBXFileReference; lastKnownFileType = image.png; name = "2010010704 のコピー 2.png"; path = "../../名称未設定フォルダ 4/2010010704 のコピー 2.png"; sourceTree = "<group>"; };
		9D374D201B75AA7C00942933 /* 2010010704 のコピー 3.png */ = {isa = PBXFileReference; lastKnownFileType = image.png; name = "2010010704 のコピー 3.png"; path = "../../名称未設定フォルダ 4/2010010704 のコピー 3.png"; sourceTree = "<group>"; };
		9D374D211B75AA7C00942933 /* 2010010704 のコピー 4.png */ = {isa = PBXFileReference; lastKnownFileType = image.png; name = "2010010704 のコピー 4.png"; path = "../../名称未設定フォルダ 4/2010010704 のコピー 4.png"; sourceTree = "<group>"; };
		9D374D221B75AA7C00942933 /* 2010010704 のコピー 5.png */ = {isa = PBXFileReference; lastKnownFileType = image.png; name = "2010010704 のコピー 5.png"; path = "../../名称未設定フォルダ 4/2010010704 のコピー 5.png"; sourceTree = "<group>"; };
		9D374D271B75ABAE00942933 /* TDYy6.png */ = {isa = PBXFileReference; lastKnownFileType = image.png; name = TDYy6.png; path = ../../TDYy6.png; sourceTree = "<group>"; };
		9D374D291B75AC6E00942933 /* bigfolder.png */ = {isa = PBXFileReference; lastKnownFileType = image.png; name = bigfolder.png; path = ../../bigfolder.png; sourceTree = "<group>"; };
		9D374D2B1B75B76700942933 /* save-iconmonstr.png */ = {isa = PBXFileReference; lastKnownFileType = image.png; name = "save-iconmonstr.png"; path = "../../save-iconmonstr.png"; sourceTree = "<group>"; };
		9D3F46E61A80E97800DCE7E4 /* Base */ = {isa = PBXFileReference; lastKnownFileType = file.storyboard; name = Base; path = Base.lproj/Main.storyboard; sourceTree = "<group>"; };
		9DBEB15B1A4041E600074C51 /* a7194db4815a1129981fee55c8742f1b.png */ = {isa = PBXFileReference; lastKnownFileType = image.png; path = a7194db4815a1129981fee55c8742f1b.png; sourceTree = "<group>"; };
		9DBEB15D1A40436200074C51 /* colorcloth7-2.jpg */ = {isa = PBXFileReference; lastKnownFileType = image.jpeg; path = "colorcloth7-2.jpg"; sourceTree = "<group>"; };
		9DBEB1611A40447B00074C51 /* 8658695.png */ = {isa = PBXFileReference; lastKnownFileType = image.png; path = 8658695.png; sourceTree = "<group>"; };
		9DC421F11BAD53D600A8E0CA /* 10825.png */ = {isa = PBXFileReference; lastKnownFileType = image.png; name = 10825.png; path = ../../10825.png; sourceTree = "<group>"; };
		9DDDDD741A1B87D000259AA1 /* CROW  1  KY.app */ = {isa = PBXFileReference; explicitFileType = wrapper.application; includeInIndex = 0; path = "CROW  1  KY.app"; sourceTree = BUILT_PRODUCTS_DIR; };
		9DDDDD781A1B87D000259AA1 /* Info.plist */ = {isa = PBXFileReference; lastKnownFileType = text.plist.xml; path = Info.plist; sourceTree = "<group>"; };
		9DDDDD791A1B87D000259AA1 /* main.m */ = {isa = PBXFileReference; lastKnownFileType = sourcecode.c.objc; path = main.m; sourceTree = "<group>"; };
		9DDDDD7B1A1B87D000259AA1 /* AppDelegate.h */ = {isa = PBXFileReference; lastKnownFileType = sourcecode.c.h; path = AppDelegate.h; sourceTree = "<group>"; };
		9DDDDD7C1A1B87D000259AA1 /* AppDelegate.m */ = {isa = PBXFileReference; lastKnownFileType = sourcecode.c.objc; path = AppDelegate.m; sourceTree = "<group>"; };
		9DDDDD7E1A1B87D000259AA1 /* ViewController.h */ = {isa = PBXFileReference; lastKnownFileType = sourcecode.c.h; path = ViewController.h; sourceTree = "<group>"; };
		9DDDDD7F1A1B87D000259AA1 /* ViewController.m */ = {isa = PBXFileReference; lastKnownFileType = sourcecode.c.objc; path = ViewController.m; sourceTree = "<group>"; };
		9DDDDD841A1B87D000259AA1 /* Images.xcassets */ = {isa = PBXFileReference; lastKnownFileType = folder.assetcatalog; path = Images.xcassets; sourceTree = "<group>"; };
		9DDDDD871A1B87D000259AA1 /* Base */ = {isa = PBXFileReference; lastKnownFileType = file.xib; name = Base; path = Base.lproj/LaunchScreen.xib; sourceTree = "<group>"; };
		9DDDDD8D1A1B87D000259AA1 /* CROW  1  KYTests.xctest */ = {isa = PBXFileReference; explicitFileType = wrapper.cfbundle; includeInIndex = 0; path = "CROW  1  KYTests.xctest"; sourceTree = BUILT_PRODUCTS_DIR; };
		9DDDDD921A1B87D000259AA1 /* Info.plist */ = {isa = PBXFileReference; lastKnownFileType = text.plist.xml; path = Info.plist; sourceTree = "<group>"; };
		9DDDDD931A1B87D000259AA1 /* CROW__1__KYTests.m */ = {isa = PBXFileReference; lastKnownFileType = sourcecode.c.objc; path = CROW__1__KYTests.m; sourceTree = "<group>"; };
		9DDDDD9D1A1B993500259AA1 /* ViewController2.h */ = {isa = PBXFileReference; fileEncoding = 4; lastKnownFileType = sourcecode.c.h; path = ViewController2.h; sourceTree = "<group>"; };
		9DDDDD9E1A1B993500259AA1 /* ViewController2.m */ = {isa = PBXFileReference; fileEncoding = 4; lastKnownFileType = sourcecode.c.objc; path = ViewController2.m; sourceTree = "<group>"; };
		9DDDDDA31A1C054200259AA1 /* ViewController4.h */ = {isa = PBXFileReference; fileEncoding = 4; lastKnownFileType = sourcecode.c.h; path = ViewController4.h; sourceTree = "<group>"; };
		9DDDDDA41A1C054200259AA1 /* ViewController4.m */ = {isa = PBXFileReference; fileEncoding = 4; lastKnownFileType = sourcecode.c.objc; path = ViewController4.m; sourceTree = "<group>"; };
		9DF46CB31A779B7F00F009C9 /* ViewController5.h */ = {isa = PBXFileReference; fileEncoding = 4; lastKnownFileType = sourcecode.c.h; path = ViewController5.h; sourceTree = "<group>"; };
		9DF46CB41A779B7F00F009C9 /* ViewController5.m */ = {isa = PBXFileReference; fileEncoding = 4; lastKnownFileType = sourcecode.c.objc; path = ViewController5.m; sourceTree = "<group>"; };
/* End PBXFileReference section */

/* Begin PBXFrameworksBuildPhase section */
		9DDDDD711A1B87D000259AA1 /* Frameworks */ = {
			isa = PBXFrameworksBuildPhase;
			buildActionMask = 2147483647;
			files = (
			);
			runOnlyForDeploymentPostprocessing = 0;
		};
		9DDDDD8A1A1B87D000259AA1 /* Frameworks */ = {
			isa = PBXFrameworksBuildPhase;
			buildActionMask = 2147483647;
			files = (
			);
			runOnlyForDeploymentPostprocessing = 0;
		};
/* End PBXFrameworksBuildPhase section */

/* Begin PBXGroup section */
		9DDDDD6B1A1B87D000259AA1 = {
			isa = PBXGroup;
			children = (
				9DDDDD761A1B87D000259AA1 /* CROW  1  KY */,
				9DDDDD901A1B87D000259AA1 /* CROW  1  KYTests */,
				9DDDDD751A1B87D000259AA1 /* Products */,
			);
			sourceTree = "<group>";
		};
		9DDDDD751A1B87D000259AA1 /* Products */ = {
			isa = PBXGroup;
			children = (
				9DDDDD741A1B87D000259AA1 /* CROW  1  KY.app */,
				9DDDDD8D1A1B87D000259AA1 /* CROW  1  KYTests.xctest */,
			);
			name = Products;
			sourceTree = "<group>";
		};
		9DDDDD761A1B87D000259AA1 /* CROW  1  KY */ = {
			isa = PBXGroup;
			children = (
				9DDDDD7B1A1B87D000259AA1 /* AppDelegate.h */,
				9DDDDD7C1A1B87D000259AA1 /* AppDelegate.m */,
				9DDDDD7E1A1B87D000259AA1 /* ViewController.h */,
				9DDDDD7F1A1B87D000259AA1 /* ViewController.m */,
				9DDDDD9D1A1B993500259AA1 /* ViewController2.h */,
				9DDDDD9E1A1B993500259AA1 /* ViewController2.m */,
				9DDDDDA31A1C054200259AA1 /* ViewController4.h */,
				9DDDDDA41A1C054200259AA1 /* ViewController4.m */,
				9DF46CB31A779B7F00F009C9 /* ViewController5.h */,
				9DF46CB41A779B7F00F009C9 /* ViewController5.m */,
				9D3F46E51A80E97800DCE7E4 /* Main.storyboard */,
				9DBEB15D1A40436200074C51 /* colorcloth7-2.jpg */,
				9D0AB0291A68E5AE00A66B46 /* stop1105081.png */,
				9D0AB02B1A68E6B300A66B46 /* NG.png */,
				9D0AB02D1A68F2B900A66B46 /* スクリーンショット 2015-01-16 16.17.30.png */,
				9DDDDD841A1B87D000259AA1 /* Images.xcassets */,
				9DDDDD861A1B87D000259AA1 /* LaunchScreen.xib */,
				9DBEB15B1A4041E600074C51 /* a7194db4815a1129981fee55c8742f1b.png */,
				9DBEB1611A40447B00074C51 /* 8658695.png */,
				9D374D111B7450C500942933 /* images (1).jpeg */,
				9D374D2B1B75B76700942933 /* save-iconmonstr.png */,
				9D374D0F1B744FD000942933 /* スクリーンショット 0027-08-07 11.27.29.png */,
				9D374D171B75A99700942933 /* 2010010704 のコピー 2.png */,
				9D374D1F1B75AA7C00942933 /* 2010010704 のコピー 2.png */,
				9D374D271B75ABAE00942933 /* TDYy6.png */,
				9D374D201B75AA7C00942933 /* 2010010704 のコピー 3.png */,
				9D374D291B75AC6E00942933 /* bigfolder.png */,
				9DC421F11BAD53D600A8E0CA /* 10825.png */,
				9D374D211B75AA7C00942933 /* 2010010704 のコピー 4.png */,
				9D374D221B75AA7C00942933 /* 2010010704 のコピー 5.png */,
				9D374D181B75A99700942933 /* 2010010704 のコピー 3.png */,
				9D374D191B75A99700942933 /* 2010010704 のコピー 4.png */,
				9D374D1A1B75A99700942933 /* 2010010704 のコピー 5.png */,
				9D374D131B74523A00942933 /* スクリーンショット 0027-08-07 11.39.46.png */,
				9D374D151B7453A500942933 /* A-Movie-maker-buttons-rt.png */,
				9D374D0D1B744F5500942933 /* スクリーンショット 0027-08-07 11.27.29.png */,
				9D32EF7F1A404ED60010FC71 /* db9516316a3046505c643e357f16d5c2.jpg */,
				9D32EF7D1A4048AA0010FC71 /* photo.jpg */,
				9D32EF811A41708F0010FC71 /* Yellow Paper-320x480 wallpapers.jpg */,
				9DDDDD771A1B87D000259AA1 /* Supporting Files */,
			);
			path = "CROW  1  KY";
			sourceTree = "<group>";
		};
		9DDDDD771A1B87D000259AA1 /* Supporting Files */ = {
			isa = PBXGroup;
			children = (
				9DDDDD781A1B87D000259AA1 /* Info.plist */,
				9DDDDD791A1B87D000259AA1 /* main.m */,
			);
			name = "Supporting Files";
			sourceTree = "<group>";
		};
		9DDDDD901A1B87D000259AA1 /* CROW  1  KYTests */ = {
			isa = PBXGroup;
			children = (
				9DDDDD931A1B87D000259AA1 /* CROW__1__KYTests.m */,
				9DDDDD911A1B87D000259AA1 /* Supporting Files */,
			);
			path = "CROW  1  KYTests";
			sourceTree = "<group>";
		};
		9DDDDD911A1B87D000259AA1 /* Supporting Files */ = {
			isa = PBXGroup;
			children = (
				9DDDDD921A1B87D000259AA1 /* Info.plist */,
			);
			name = "Supporting Files";
			sourceTree = "<group>";
		};
/* End PBXGroup section */

/* Begin PBXNativeTarget section */
		9DDDDD731A1B87D000259AA1 /* CROW  1  KY */ = {
			isa = PBXNativeTarget;
			buildConfigurationList = 9DDDDD971A1B87D000259AA1 /* Build configuration list for PBXNativeTarget "CROW  1  KY" */;
			buildPhases = (
				9DDDDD701A1B87D000259AA1 /* Sources */,
				9DDDDD711A1B87D000259AA1 /* Frameworks */,
				9DDDDD721A1B87D000259AA1 /* Resources */,
			);
			buildRules = (
			);
			dependencies = (
			);
			name = "CROW  1  KY";
			productName = "CROW  1  KY";
			productReference = 9DDDDD741A1B87D000259AA1 /* CROW  1  KY.app */;
			productType = "com.apple.product-type.application";
		};
		9DDDDD8C1A1B87D000259AA1 /* CROW  1  KYTests */ = {
			isa = PBXNativeTarget;
			buildConfigurationList = 9DDDDD9A1A1B87D000259AA1 /* Build configuration list for PBXNativeTarget "CROW  1  KYTests" */;
			buildPhases = (
				9DDDDD891A1B87D000259AA1 /* Sources */,
				9DDDDD8A1A1B87D000259AA1 /* Frameworks */,
				9DDDDD8B1A1B87D000259AA1 /* Resources */,
			);
			buildRules = (
			);
			dependencies = (
				9DDDDD8F1A1B87D000259AA1 /* PBXTargetDependency */,
			);
			name = "CROW  1  KYTests";
			productName = "CROW  1  KYTests";
			productReference = 9DDDDD8D1A1B87D000259AA1 /* CROW  1  KYTests.xctest */;
			productType = "com.apple.product-type.bundle.unit-test";
		};
/* End PBXNativeTarget section */

/* Begin PBXProject section */
		9DDDDD6C1A1B87D000259AA1 /* Project object */ = {
			isa = PBXProject;
			attributes = {
				LastUpgradeCheck = 0610;
				ORGANIZATIONNAME = YugoFukunaga;
				TargetAttributes = {
					9DDDDD731A1B87D000259AA1 = {
						CreatedOnToolsVersion = 6.1;
					};
					9DDDDD8C1A1B87D000259AA1 = {
						CreatedOnToolsVersion = 6.1;
						TestTargetID = 9DDDDD731A1B87D000259AA1;
					};
				};
			};
			buildConfigurationList = 9DDDDD6F1A1B87D000259AA1 /* Build configuration list for PBXProject "CROW  1  KY" */;
			compatibilityVersion = "Xcode 3.2";
			developmentRegion = English;
			hasScannedForEncodings = 0;
			knownRegions = (
				en,
				Base,
			);
			mainGroup = 9DDDDD6B1A1B87D000259AA1;
			productRefGroup = 9DDDDD751A1B87D000259AA1 /* Products */;
			projectDirPath = "";
			projectRoot = "";
			targets = (
				9DDDDD731A1B87D000259AA1 /* CROW  1  KY */,
				9DDDDD8C1A1B87D000259AA1 /* CROW  1  KYTests */,
			);
		};
/* End PBXProject section */

/* Begin PBXResourcesBuildPhase section */
		9DDDDD721A1B87D000259AA1 /* Resources */ = {
			isa = PBXResourcesBuildPhase;
			buildActionMask = 2147483647;
			files = (
				9D32EF7E1A4048AA0010FC71 /* photo.jpg in Resources */,
				9DBEB15C1A4041E600074C51 /* a7194db4815a1129981fee55c8742f1b.png in Resources */,
				9D32EF821A41708F0010FC71 /* Yellow Paper-320x480 wallpapers.jpg in Resources */,
				9D374D1E1B75A99700942933 /* 2010010704 のコピー 5.png in Resources */,
				9D374D0E1B744F5500942933 /* スクリーンショット 0027-08-07 11.27.29.png in Resources */,
				9D374D161B7453A500942933 /* A-Movie-maker-buttons-rt.png in Resources */,
				9D374D2C1B75B76700942933 /* save-iconmonstr.png in Resources */,
				9D374D1D1B75A99700942933 /* 2010010704 のコピー 4.png in Resources */,
				9D374D1C1B75A99700942933 /* 2010010704 のコピー 3.png in Resources */,
				9D3F46E71A80E97800DCE7E4 /* Main.storyboard in Resources */,
				9DBEB15E1A40436200074C51 /* colorcloth7-2.jpg in Resources */,
				9D0AB02C1A68E6B300A66B46 /* NG.png in Resources */,
				9D0AB02E1A68F2B900A66B46 /* スクリーンショット 2015-01-16 16.17.30.png in Resources */,
				9D374D241B75AA7C00942933 /* 2010010704 のコピー 3.png in Resources */,
				9D374D251B75AA7C00942933 /* 2010010704 のコピー 4.png in Resources */,
				9DC421F21BAD53D600A8E0CA /* 10825.png in Resources */,
				9D374D281B75ABAE00942933 /* TDYy6.png in Resources */,
				9D374D1B1B75A99700942933 /* 2010010704 のコピー 2.png in Resources */,
				9D374D261B75AA7C00942933 /* 2010010704 のコピー 5.png in Resources */,
				9D374D2A1B75AC6E00942933 /* bigfolder.png in Resources */,
				9D374D231B75AA7C00942933 /* 2010010704 のコピー 2.png in Resources */,
				9DBEB1621A40447B00074C51 /* 8658695.png in Resources */,
				9DDDDD881A1B87D000259AA1 /* LaunchScreen.xib in Resources */,
				9DDDDD851A1B87D000259AA1 /* Images.xcassets in Resources */,
				9D0AB02A1A68E5AE00A66B46 /* stop1105081.png in Resources */,
				9D374D141B74523A00942933 /* スクリーンショット 0027-08-07 11.39.46.png in Resources */,
				9D374D101B744FD000942933 /* スクリーンショット 0027-08-07 11.27.29.png in Resources */,
				9D374D121B7450C500942933 /* images (1).jpeg in Resources */,
				9D32EF801A404ED60010FC71 /* db9516316a3046505c643e357f16d5c2.jpg in Resources */,
			);
			runOnlyForDeploymentPostprocessing = 0;
		};
		9DDDDD8B1A1B87D000259AA1 /* Resources */ = {
			isa = PBXResourcesBuildPhase;
			buildActionMask = 2147483647;
			files = (
			);
			runOnlyForDeploymentPostprocessing = 0;
		};
/* End PBXResourcesBuildPhase section */

/* Begin PBXSourcesBuildPhase section */
		9DDDDD701A1B87D000259AA1 /* Sources */ = {
			isa = PBXSourcesBuildPhase;
			buildActionMask = 2147483647;
			files = (
				9DDDDD801A1B87D000259AA1 /* ViewController.m in Sources */,
				9DDDDD9F1A1B993500259AA1 /* ViewController2.m in Sources */,
				9DDDDD7D1A1B87D000259AA1 /* AppDelegate.m in Sources */,
				9DDDDD7A1A1B87D000259AA1 /* main.m in Sources */,
				9DF46CB51A779B7F00F009C9 /* ViewController5.m in Sources */,
				9DDDDDA51A1C054200259AA1 /* ViewController4.m in Sources */,
			);
			runOnlyForDeploymentPostprocessing = 0;
		};
		9DDDDD891A1B87D000259AA1 /* Sources */ = {
			isa = PBXSourcesBuildPhase;
			buildActionMask = 2147483647;
			files = (
				9DDDDD941A1B87D000259AA1 /* CROW__1__KYTests.m in Sources */,
			);
			runOnlyForDeploymentPostprocessing = 0;
		};
/* End PBXSourcesBuildPhase section */

/* Begin PBXTargetDependency section */
		9DDDDD8F1A1B87D000259AA1 /* PBXTargetDependency */ = {
			isa = PBXTargetDependency;
			target = 9DDDDD731A1B87D000259AA1 /* CROW  1  KY */;
			targetProxy = 9DDDDD8E1A1B87D000259AA1 /* PBXContainerItemProxy */;
		};
/* End PBXTargetDependency section */

/* Begin PBXVariantGroup section */
		9D3F46E51A80E97800DCE7E4 /* Main.storyboard */ = {
			isa = PBXVariantGroup;
			children = (
				9D3F46E61A80E97800DCE7E4 /* Base */,
			);
			name = Main.storyboard;
			sourceTree = "<group>";
		};
		9DDDDD861A1B87D000259AA1 /* LaunchScreen.xib */ = {
			isa = PBXVariantGroup;
			children = (
				9DDDDD871A1B87D000259AA1 /* Base */,
			);
			name = LaunchScreen.xib;
			sourceTree = "<group>";
		};
/* End PBXVariantGroup section */

/* Begin XCBuildConfiguration section */
		9DDDDD951A1B87D000259AA1 /* Debug */ = {
			isa = XCBuildConfiguration;
			buildSettings = {
				ALWAYS_SEARCH_USER_PATHS = NO;
				CLANG_CXX_LANGUAGE_STANDARD = "gnu++0x";
				CLANG_CXX_LIBRARY = "libc++";
				CLANG_ENABLE_MODULES = YES;
				CLANG_ENABLE_OBJC_ARC = YES;
				CLANG_WARN_BOOL_CONVERSION = YES;
				CLANG_WARN_CONSTANT_CONVERSION = YES;
				CLANG_WARN_DIRECT_OBJC_ISA_USAGE = YES_ERROR;
				CLANG_WARN_EMPTY_BODY = YES;
				CLANG_WARN_ENUM_CONVERSION = YES;
				CLANG_WARN_INT_CONVERSION = YES;
				CLANG_WARN_OBJC_ROOT_CLASS = YES_ERROR;
				CLANG_WARN_UNREACHABLE_CODE = YES;
				CLANG_WARN__DUPLICATE_METHOD_MATCH = YES;
				"CODE_SIGN_IDENTITY[sdk=iphoneos*]" = "iPhone Developer";
				COPY_PHASE_STRIP = NO;
				ENABLE_STRICT_OBJC_MSGSEND = YES;
				GCC_C_LANGUAGE_STANDARD = gnu99;
				GCC_DYNAMIC_NO_PIC = NO;
				GCC_OPTIMIZATION_LEVEL = 0;
				GCC_PREPROCESSOR_DEFINITIONS = (
					"DEBUG=1",
					"$(inherited)",
				);
				GCC_SYMBOLS_PRIVATE_EXTERN = NO;
				GCC_WARN_64_TO_32_BIT_CONVERSION = YES;
				GCC_WARN_ABOUT_RETURN_TYPE = YES_ERROR;
				GCC_WARN_UNDECLARED_SELECTOR = YES;
				GCC_WARN_UNINITIALIZED_AUTOS = YES_AGGRESSIVE;
				GCC_WARN_UNUSED_FUNCTION = YES;
				GCC_WARN_UNUSED_VARIABLE = YES;
				IPHONEOS_DEPLOYMENT_TARGET = 8.1;
				MTL_ENABLE_DEBUG_INFO = YES;
				ONLY_ACTIVE_ARCH = YES;
				SDKROOT = iphoneos;
			};
			name = Debug;
		};
		9DDDDD961A1B87D000259AA1 /* Release */ = {
			isa = XCBuildConfiguration;
			buildSettings = {
				ALWAYS_SEARCH_USER_PATHS = NO;
				CLANG_CXX_LANGUAGE_STANDARD = "gnu++0x";
				CLANG_CXX_LIBRARY = "libc++";
				CLANG_ENABLE_MODULES = YES;
				CLANG_ENABLE_OBJC_ARC = YES;
				CLANG_WARN_BOOL_CONVERSION = YES;
				CLANG_WARN_CONSTANT_CONVERSION = YES;
				CLANG_WARN_DIRECT_OBJC_ISA_USAGE = YES_ERROR;
				CLANG_WARN_EMPTY_BODY = YES;
				CLANG_WARN_ENUM_CONVERSION = YES;
				CLANG_WARN_INT_CONVERSION = YES;
				CLANG_WARN_OBJC_ROOT_CLASS = YES_ERROR;
				CLANG_WARN_UNREACHABLE_CODE = YES;
				CLANG_WARN__DUPLICATE_METHOD_MATCH = YES;
				"CODE_SIGN_IDENTITY[sdk=iphoneos*]" = "iPhone Developer";
				COPY_PHASE_STRIP = YES;
				ENABLE_NS_ASSERTIONS = NO;
				ENABLE_STRICT_OBJC_MSGSEND = YES;
				GCC_C_LANGUAGE_STANDARD = gnu99;
				GCC_WARN_64_TO_32_BIT_CONVERSION = YES;
				GCC_WARN_ABOUT_RETURN_TYPE = YES_ERROR;
				GCC_WARN_UNDECLARED_SELECTOR = YES;
				GCC_WARN_UNINITIALIZED_AUTOS = YES_AGGRESSIVE;
				GCC_WARN_UNUSED_FUNCTION = YES;
				GCC_WARN_UNUSED_VARIABLE = YES;
				IPHONEOS_DEPLOYMENT_TARGET = 8.1;
				MTL_ENABLE_DEBUG_INFO = NO;
				SDKROOT = iphoneos;
				VALIDATE_PRODUCT = YES;
			};
			name = Release;
		};
		9DDDDD981A1B87D000259AA1 /* Debug */ = {
			isa = XCBuildConfiguration;
			buildSettings = {
				ASSETCATALOG_COMPILER_APPICON_NAME = AppIcon;
				INFOPLIST_FILE = "CROW  1  KY/Info.plist";
				IPHONEOS_DEPLOYMENT_TARGET = 8.2;
				LD_RUNPATH_SEARCH_PATHS = "$(inherited) @executable_path/Frameworks";
				PRODUCT_NAME = "CROW  1  KY";
			};
			name = Debug;
		};
		9DDDDD991A1B87D000259AA1 /* Release */ = {
			isa = XCBuildConfiguration;
			buildSettings = {
				ASSETCATALOG_COMPILER_APPICON_NAME = AppIcon;
				INFOPLIST_FILE = "CROW  1  KY/Info.plist";
				IPHONEOS_DEPLOYMENT_TARGET = 8.2;
				LD_RUNPATH_SEARCH_PATHS = "$(inherited) @executable_path/Frameworks";
				PRODUCT_NAME = "CROW  1  KY";
			};
			name = Release;
		};
		9DDDDD9B1A1B87D000259AA1 /* Debug */ = {
			isa = XCBuildConfiguration;
			buildSettings = {
				BUNDLE_LOADER = "$(TEST_HOST)";
				FRAMEWORK_SEARCH_PATHS = (
					"$(SDKROOT)/Developer/Library/Frameworks",
					"$(inherited)",
				);
				GCC_PREPROCESSOR_DEFINITIONS = (
					"DEBUG=1",
					"$(inherited)",
				);
				INFOPLIST_FILE = "CROW  1  KYTests/Info.plist";
				LD_RUNPATH_SEARCH_PATHS = "$(inherited) @executable_path/Frameworks @loader_path/Frameworks";
				PRODUCT_NAME = "CROW  1  KYTests";
				TEST_HOST = "$(BUILT_PRODUCTS_DIR)/CROW  1  KY.app/CROW  1  KY";
			};
			name = Debug;
		};
		9DDDDD9C1A1B87D000259AA1 /* Release */ = {
			isa = XCBuildConfiguration;
			buildSettings = {
				BUNDLE_LOADER = "$(TEST_HOST)";
				FRAMEWORK_SEARCH_PATHS = (
					"$(SDKROOT)/Developer/Library/Frameworks",
					"$(inherited)",
				);
				INFOPLIST_FILE = "CROW  1  KYTests/Info.plist";
				LD_RUNPATH_SEARCH_PATHS = "$(inherited) @executable_path/Frameworks @loader_path/Frameworks";
				PRODUCT_NAME = "CROW  1  KYTests";
				TEST_HOST = "$(BUILT_PRODUCTS_DIR)/CROW  1  KY.app/CROW  1  KY";
			};
			name = Release;
		};
/* End XCBuildConfiguration section */

/* Begin XCConfigurationList section */
		9DDDDD6F1A1B87D000259AA1 /* Build configuration list for PBXProject "CROW  1  KY" */ = {
			isa = XCConfigurationList;
			buildConfigurations = (
				9DDDDD951A1B87D000259AA1 /* Debug */,
				9DDDDD961A1B87D000259AA1 /* Release */,
			);
			defaultConfigurationIsVisible = 0;
			defaultConfigurationName = Release;
		};
		9DDDDD971A1B87D000259AA1 /* Build configuration list for PBXNativeTarget "CROW  1  KY" */ = {
			isa = XCConfigurationList;
			buildConfigurations = (
				9DDDDD981A1B87D000259AA1 /* Debug */,
				9DDDDD991A1B87D000259AA1 /* Release */,
			);
			defaultConfigurationIsVisible = 0;
			defaultConfigurationName = Release;
		};
		9DDDDD9A1A1B87D000259AA1 /* Build configuration list for PBXNativeTarget "CROW  1  KYTests" */ = {
			isa = XCConfigurationList;
			buildConfigurations = (
				9DDDDD9B1A1B87D000259AA1 /* Debug */,
				9DDDDD9C1A1B87D000259AA1 /* Release */,
			);
			defaultConfigurationIsVisible = 0;
			defaultConfigurationName = Release;
		};
/* End XCConfigurationList section */
	};
	rootObject = 9DDDDD6C1A1B87D000259AA1 /* Project object */;
}
